
Microsoft Visual Studio Solution File, Format Version 12.00
# Visual Studio Version 16
VisualStudioVersion = 16.0.30503.244
MinimumVisualStudioVersion = 10.0.40219.1
Project("{FAE04EC0-301F-11D3-BF4B-00C04F79EFBC}") = "UsefulTools", "UsefulTools\UsefulTools.csproj", "{0C2FE6F2-3F11-40DC-A983-07B968FB13CC}"
EndProject
Global
	GlobalSection(SolutionConfigurationPlatforms) = preSolution
		Debug|Any CPU = Debug|Any CPU
		Release|Any CPU = Release|Any CPU
	EndGlobalSection
	GlobalSection(ProjectConfigurationPlatforms) = postSolution
		{0C2FE6F2-3F11-40DC-A983-07B968FB13CC}.Debug|Any CPU.ActiveCfg = Debug|Any CPU
		{0C2FE6F2-3F11-40DC-A983-07B968FB13CC}.Debug|Any CPU.Build.0 = Debug|Any CPU
		{0C2FE6F2-3F11-40DC-A983-07B968FB13CC}.Release|Any CPU.ActiveCfg = Release|Any CPU
		{0C2FE6F2-3F11-40DC-A983-07B968FB13CC}.Release|Any CPU.Build.0 = Release|Any CPU
	EndGlobalSection
	GlobalSection(SolutionProperties) = preSolution
		HideSolutionNode = FALSE
	EndGlobalSection
	GlobalSection(ExtensibilityGlobals) = postSolution
		SolutionGuid = {1C1BDB8E-98D9-478F-B31B-B815A1386E4A}
	EndGlobalSection
EndGlobal
