
Microsoft Visual Studio Solution File, Format Version 12.00
# Visual Studio Version 16
VisualStudioVersion = 16.0.29609.76
MinimumVisualStudioVersion = 10.0.40219.1
Project("{FAE04EC0-301F-11D3-BF4B-00C04F79EFBC}") = "ForceAdminRights", "ForceAdminRights\ForceAdminRights.csproj", "{D69E654D-DECD-4DD7-A10D-BF5966584CF7}"
EndProject
Global
	GlobalSection(SolutionConfigurationPlatforms) = preSolution
		Debug|Any CPU = Debug|Any CPU
		Release|Any CPU = Release|Any CPU
	EndGlobalSection
	GlobalSection(ProjectConfigurationPlatforms) = postSolution
		{D69E654D-DECD-4DD7-A10D-BF5966584CF7}.Debug|Any CPU.ActiveCfg = Debug|Any CPU
		{D69E654D-DECD-4DD7-A10D-BF5966584CF7}.Debug|Any CPU.Build.0 = Debug|Any CPU
		{D69E654D-DECD-4DD7-A10D-BF5966584CF7}.Release|Any CPU.ActiveCfg = Release|Any CPU
		{D69E654D-DECD-4DD7-A10D-BF5966584CF7}.Release|Any CPU.Build.0 = Release|Any CPU
	EndGlobalSection
	GlobalSection(SolutionProperties) = preSolution
		HideSolutionNode = FALSE
	EndGlobalSection
	GlobalSection(ExtensibilityGlobals) = postSolution
		SolutionGuid = {6302FEF8-5F87-4C1B-AB8C-8412EDDE51D5}
	EndGlobalSection
EndGlobal
