
Microsoft Visual Studio Solution File, Format Version 12.00
# Visual Studio Version 16
VisualStudioVersion = 16.0.30225.117
MinimumVisualStudioVersion = 10.0.40219.1
Project("{FAE04EC0-301F-11D3-BF4B-00C04F79EFBC}") = "Main-Program", "Main-Program\Main-Program.csproj", "{40B0E58F-D592-4CD7-BA70-03DEE7D16895}"
EndProject
Global
	GlobalSection(SolutionConfigurationPlatforms) = preSolution
		Debug|Any CPU = Debug|Any CPU
		Release|Any CPU = Release|Any CPU
	EndGlobalSection
	GlobalSection(ProjectConfigurationPlatforms) = postSolution
		{40B0E58F-D592-4CD7-BA70-03DEE7D16895}.Debug|Any CPU.ActiveCfg = Debug|Any CPU
		{40B0E58F-D592-4CD7-BA70-03DEE7D16895}.Debug|Any CPU.Build.0 = Debug|Any CPU
		{40B0E58F-D592-4CD7-BA70-03DEE7D16895}.Release|Any CPU.ActiveCfg = Release|Any CPU
		{40B0E58F-D592-4CD7-BA70-03DEE7D16895}.Release|Any CPU.Build.0 = Release|Any CPU
	EndGlobalSection
	GlobalSection(SolutionProperties) = preSolution
		HideSolutionNode = FALSE
	EndGlobalSection
	GlobalSection(ExtensibilityGlobals) = postSolution
		SolutionGuid = {10A064DA-EA2A-467E-90AD-80157048882F}
	EndGlobalSection
EndGlobal
