
Microsoft Visual Studio Solution File, Format Version 12.00
# Visual Studio Version 16
VisualStudioVersion = 16.0.30011.22
MinimumVisualStudioVersion = 10.0.40219.1
Project("{FAE04EC0-301F-11D3-BF4B-00C04F79EFBC}") = "Main-Tools", "Main-Tools\Main-Tools.csproj", "{6755B875-1FF6-462F-BC21-B99CD332C702}"
EndProject
Project("{FAE04EC0-301F-11D3-BF4B-00C04F79EFBC}") = "Main-Tools Remastered", "Main-Tools Remastered\Main-Tools Remastered.csproj", "{E5F38ED1-EB83-46E2-8BE4-5F68A527ED05}"
EndProject
Global
	GlobalSection(SolutionConfigurationPlatforms) = preSolution
		Debug|Any CPU = Debug|Any CPU
		Release|Any CPU = Release|Any CPU
	EndGlobalSection
	GlobalSection(ProjectConfigurationPlatforms) = postSolution
		{6755B875-1FF6-462F-BC21-B99CD332C702}.Debug|Any CPU.ActiveCfg = Debug|Any CPU
		{6755B875-1FF6-462F-BC21-B99CD332C702}.Debug|Any CPU.Build.0 = Debug|Any CPU
		{6755B875-1FF6-462F-BC21-B99CD332C702}.Release|Any CPU.ActiveCfg = Release|Any CPU
		{6755B875-1FF6-462F-BC21-B99CD332C702}.Release|Any CPU.Build.0 = Release|Any CPU
		{E5F38ED1-EB83-46E2-8BE4-5F68A527ED05}.Debug|Any CPU.ActiveCfg = Debug|Any CPU
		{E5F38ED1-EB83-46E2-8BE4-5F68A527ED05}.Debug|Any CPU.Build.0 = Debug|Any CPU
		{E5F38ED1-EB83-46E2-8BE4-5F68A527ED05}.Release|Any CPU.ActiveCfg = Release|Any CPU
		{E5F38ED1-EB83-46E2-8BE4-5F68A527ED05}.Release|Any CPU.Build.0 = Release|Any CPU
	EndGlobalSection
	GlobalSection(SolutionProperties) = preSolution
		HideSolutionNode = FALSE
	EndGlobalSection
	GlobalSection(ExtensibilityGlobals) = postSolution
		SolutionGuid = {7F96E8FC-59A2-44B1-89C3-1C5166DE5063}
	EndGlobalSection
EndGlobal
