
Microsoft Visual Studio Solution File, Format Version 12.00
# Visual Studio Version 16
VisualStudioVersion = 16.0.30406.217
MinimumVisualStudioVersion = 10.0.40219.1
Project("{FAE04EC0-301F-11D3-BF4B-00C04F79EFBC}") = "Clipboard-Notifier", "Clipboard-Notifier\Clipboard-Notifier.csproj", "{7216E0AB-6B54-4475-BF44-7ABB86807FFB}"
EndProject
Global
	GlobalSection(SolutionConfigurationPlatforms) = preSolution
		Debug|Any CPU = Debug|Any CPU
		Release|Any CPU = Release|Any CPU
	EndGlobalSection
	GlobalSection(ProjectConfigurationPlatforms) = postSolution
		{7216E0AB-6B54-4475-BF44-7ABB86807FFB}.Debug|Any CPU.ActiveCfg = Debug|Any CPU
		{7216E0AB-6B54-4475-BF44-7ABB86807FFB}.Debug|Any CPU.Build.0 = Debug|Any CPU
		{7216E0AB-6B54-4475-BF44-7ABB86807FFB}.Release|Any CPU.ActiveCfg = Release|Any CPU
		{7216E0AB-6B54-4475-BF44-7ABB86807FFB}.Release|Any CPU.Build.0 = Release|Any CPU
	EndGlobalSection
	GlobalSection(SolutionProperties) = preSolution
		HideSolutionNode = FALSE
	EndGlobalSection
	GlobalSection(ExtensibilityGlobals) = postSolution
		SolutionGuid = {F0CBABBA-3421-45D1-A206-21658BC8565D}
	EndGlobalSection
EndGlobal
