
Microsoft Visual Studio Solution File, Format Version 12.00
# Visual Studio Version 16
VisualStudioVersion = 16.0.30804.86
MinimumVisualStudioVersion = 10.0.40219.1
Project("{9A19103F-16F7-4668-BE54-9A1E7A4F7556}") = "File Vault API", "File Vault API\File Vault API.csproj", "{4A30E64F-AE05-412C-AF60-3718E9ACBBA1}"
EndProject
Project("{FAE04EC0-301F-11D3-BF4B-00C04F79EFBC}") = "Create Vault Console Testing App", "Create Vault Console Testing App\Create Vault Console Testing App.csproj", "{7081109F-AF82-4EA5-891C-6CFC38484768}"
EndProject
Global
	GlobalSection(SolutionConfigurationPlatforms) = preSolution
		Debug|Any CPU = Debug|Any CPU
		Release|Any CPU = Release|Any CPU
	EndGlobalSection
	GlobalSection(ProjectConfigurationPlatforms) = postSolution
		{4A30E64F-AE05-412C-AF60-3718E9ACBBA1}.Debug|Any CPU.ActiveCfg = Debug|Any CPU
		{4A30E64F-AE05-412C-AF60-3718E9ACBBA1}.Debug|Any CPU.Build.0 = Debug|Any CPU
		{4A30E64F-AE05-412C-AF60-3718E9ACBBA1}.Release|Any CPU.ActiveCfg = Release|Any CPU
		{4A30E64F-AE05-412C-AF60-3718E9ACBBA1}.Release|Any CPU.Build.0 = Release|Any CPU
		{7081109F-AF82-4EA5-891C-6CFC38484768}.Debug|Any CPU.ActiveCfg = Debug|Any CPU
		{7081109F-AF82-4EA5-891C-6CFC38484768}.Debug|Any CPU.Build.0 = Debug|Any CPU
		{7081109F-AF82-4EA5-891C-6CFC38484768}.Release|Any CPU.ActiveCfg = Release|Any CPU
		{7081109F-AF82-4EA5-891C-6CFC38484768}.Release|Any CPU.Build.0 = Release|Any CPU
	EndGlobalSection
	GlobalSection(SolutionProperties) = preSolution
		HideSolutionNode = FALSE
	EndGlobalSection
	GlobalSection(ExtensibilityGlobals) = postSolution
		SolutionGuid = {7E08D973-C3D3-4575-872B-7A0EBE0FDB06}
	EndGlobalSection
EndGlobal
