
Microsoft Visual Studio Solution File, Format Version 12.00
# Visual Studio Version 16
VisualStudioVersion = 16.0.30804.86
MinimumVisualStudioVersion = 10.0.40219.1
Project("{FAE04EC0-301F-11D3-BF4B-00C04F79EFBC}") = "Big-Head-Bot", "Big-Head-Bot\Big-Head-Bot.csproj", "{042A2CE5-4D07-4876-8086-55803942FA74}"
EndProject
Global
	GlobalSection(SolutionConfigurationPlatforms) = preSolution
		Debug|Any CPU = Debug|Any CPU
		Release|Any CPU = Release|Any CPU
	EndGlobalSection
	GlobalSection(ProjectConfigurationPlatforms) = postSolution
		{042A2CE5-4D07-4876-8086-55803942FA74}.Debug|Any CPU.ActiveCfg = Debug|Any CPU
		{042A2CE5-4D07-4876-8086-55803942FA74}.Debug|Any CPU.Build.0 = Debug|Any CPU
		{042A2CE5-4D07-4876-8086-55803942FA74}.Release|Any CPU.ActiveCfg = Release|Any CPU
		{042A2CE5-4D07-4876-8086-55803942FA74}.Release|Any CPU.Build.0 = Release|Any CPU
	EndGlobalSection
	GlobalSection(SolutionProperties) = preSolution
		HideSolutionNode = FALSE
	EndGlobalSection
	GlobalSection(ExtensibilityGlobals) = postSolution
		SolutionGuid = {DCF5FA15-DD49-4141-873D-8C893C4A7DAD}
	EndGlobalSection
EndGlobal
